
Microsoft Visual Studio Solution File, Format Version 12.00
# Visual Studio Version 17
VisualStudioVersion = 17.8.34322.80
MinimumVisualStudioVersion = 10.0.40219.1
Project("{9A19103F-16F7-4668-BE54-9A1E7A4F7556}") = "CppRefl.Compiler.CLI", "CppRefl.Compiler.CLI\CppRefl.Compiler.CLI.csproj", "{E644FA34-10C2-4F2A-8A98-9FA19DCCEB08}"
EndProject
Project("{9A19103F-16F7-4668-BE54-9A1E7A4F7556}") = "CppRefl.UnitTest.CSharp", "CppRefl.UnitTest.CSharp\CppRefl.UnitTest.CSharp.csproj", "{C42407AE-97C2-4C5A-9349-71DF808DFA48}"
EndProject
Project("{9A19103F-16F7-4668-BE54-9A1E7A4F7556}") = "CppRefl.CodeGeneration", "CppRefl.CodeGeneration\CppRefl.CodeGeneration.csproj", "{4AD0823F-61BB-453C-B3DE-721148A40963}"
EndProject
Project("{9A19103F-16F7-4668-BE54-9A1E7A4F7556}") = "CppRefl.Compiler", "CppRefl.Compiler\CppRefl.Compiler.csproj", "{1E8B3037-095B-4260-BEF1-7051BAE90C86}"
EndProject
Project("{8BC9CEB8-8B4A-11D0-8D11-00A0C91BC942}") = "CppRefl", "CppRefl\CppRefl.vcxproj", "{09458025-EC86-495B-8FDF-E7D2F18ED8EF}"
EndProject
Project("{8BC9CEB8-8B4A-11D0-8D11-00A0C91BC942}") = "CppRefl.UnitTest.Cpp", "CppRefl.UnitTest.Cpp\CppRefl.UnitTest.Cpp.vcxproj", "{85BDCDF8-A47B-4BED-855B-6370AC5A9FC8}"
	ProjectSection(ProjectDependencies) = postProject
		{09458025-EC86-495B-8FDF-E7D2F18ED8EF} = {09458025-EC86-495B-8FDF-E7D2F18ED8EF}
	EndProjectSection
EndProject
Global
	GlobalSection(SolutionConfigurationPlatforms) = preSolution
		Debug|Any CPU = Debug|Any CPU
		Debug|x64 = Debug|x64
		Debug|x86 = Debug|x86
		Release|Any CPU = Release|Any CPU
		Release|x64 = Release|x64
		Release|x86 = Release|x86
	EndGlobalSection
	GlobalSection(ProjectConfigurationPlatforms) = postSolution
		{E644FA34-10C2-4F2A-8A98-9FA19DCCEB08}.Debug|Any CPU.ActiveCfg = Debug|Any CPU
		{E644FA34-10C2-4F2A-8A98-9FA19DCCEB08}.Debug|Any CPU.Build.0 = Debug|Any CPU
		{E644FA34-10C2-4F2A-8A98-9FA19DCCEB08}.Debug|x64.ActiveCfg = Debug|Any CPU
		{E644FA34-10C2-4F2A-8A98-9FA19DCCEB08}.Debug|x64.Build.0 = Debug|Any CPU
		{E644FA34-10C2-4F2A-8A98-9FA19DCCEB08}.Debug|x86.ActiveCfg = Debug|Any CPU
		{E644FA34-10C2-4F2A-8A98-9FA19DCCEB08}.Debug|x86.Build.0 = Debug|Any CPU
		{E644FA34-10C2-4F2A-8A98-9FA19DCCEB08}.Release|Any CPU.ActiveCfg = Release|Any CPU
		{E644FA34-10C2-4F2A-8A98-9FA19DCCEB08}.Release|Any CPU.Build.0 = Release|Any CPU
		{E644FA34-10C2-4F2A-8A98-9FA19DCCEB08}.Release|x64.ActiveCfg = Release|Any CPU
		{E644FA34-10C2-4F2A-8A98-9FA19DCCEB08}.Release|x64.Build.0 = Release|Any CPU
		{E644FA34-10C2-4F2A-8A98-9FA19DCCEB08}.Release|x86.ActiveCfg = Release|Any CPU
		{E644FA34-10C2-4F2A-8A98-9FA19DCCEB08}.Release|x86.Build.0 = Release|Any CPU
		{C42407AE-97C2-4C5A-9349-71DF808DFA48}.Debug|Any CPU.ActiveCfg = Debug|Any CPU
		{C42407AE-97C2-4C5A-9349-71DF808DFA48}.Debug|Any CPU.Build.0 = Debug|Any CPU
		{C42407AE-97C2-4C5A-9349-71DF808DFA48}.Debug|x64.ActiveCfg = Debug|Any CPU
		{C42407AE-97C2-4C5A-9349-71DF808DFA48}.Debug|x64.Build.0 = Debug|Any CPU
		{C42407AE-97C2-4C5A-9349-71DF808DFA48}.Debug|x86.ActiveCfg = Debug|Any CPU
		{C42407AE-97C2-4C5A-9349-71DF808DFA48}.Debug|x86.Build.0 = Debug|Any CPU
		{C42407AE-97C2-4C5A-9349-71DF808DFA48}.Release|Any CPU.ActiveCfg = Release|Any CPU
		{C42407AE-97C2-4C5A-9349-71DF808DFA48}.Release|Any CPU.Build.0 = Release|Any CPU
		{C42407AE-97C2-4C5A-9349-71DF808DFA48}.Release|x64.ActiveCfg = Release|Any CPU
		{C42407AE-97C2-4C5A-9349-71DF808DFA48}.Release|x64.Build.0 = Release|Any CPU
		{C42407AE-97C2-4C5A-9349-71DF808DFA48}.Release|x86.ActiveCfg = Release|Any CPU
		{C42407AE-97C2-4C5A-9349-71DF808DFA48}.Release|x86.Build.0 = Release|Any CPU
		{4AD0823F-61BB-453C-B3DE-721148A40963}.Debug|Any CPU.ActiveCfg = Debug|Any CPU
		{4AD0823F-61BB-453C-B3DE-721148A40963}.Debug|Any CPU.Build.0 = Debug|Any CPU
		{4AD0823F-61BB-453C-B3DE-721148A40963}.Debug|x64.ActiveCfg = Debug|Any CPU
		{4AD0823F-61BB-453C-B3DE-721148A40963}.Debug|x64.Build.0 = Debug|Any CPU
		{4AD0823F-61BB-453C-B3DE-721148A40963}.Debug|x86.ActiveCfg = Debug|Any CPU
		{4AD0823F-61BB-453C-B3DE-721148A40963}.Debug|x86.Build.0 = Debug|Any CPU
		{4AD0823F-61BB-453C-B3DE-721148A40963}.Release|Any CPU.ActiveCfg = Release|Any CPU
		{4AD0823F-61BB-453C-B3DE-721148A40963}.Release|Any CPU.Build.0 = Release|Any CPU
		{4AD0823F-61BB-453C-B3DE-721148A40963}.Release|x64.ActiveCfg = Release|Any CPU
		{4AD0823F-61BB-453C-B3DE-721148A40963}.Release|x64.Build.0 = Release|Any CPU
		{4AD0823F-61BB-453C-B3DE-721148A40963}.Release|x86.ActiveCfg = Release|Any CPU
		{4AD0823F-61BB-453C-B3DE-721148A40963}.Release|x86.Build.0 = Release|Any CPU
		{1E8B3037-095B-4260-BEF1-7051BAE90C86}.Debug|Any CPU.ActiveCfg = Debug|Any CPU
		{1E8B3037-095B-4260-BEF1-7051BAE90C86}.Debug|Any CPU.Build.0 = Debug|Any CPU
		{1E8B3037-095B-4260-BEF1-7051BAE90C86}.Debug|x64.ActiveCfg = Debug|Any CPU
		{1E8B3037-095B-4260-BEF1-7051BAE90C86}.Debug|x64.Build.0 = Debug|Any CPU
		{1E8B3037-095B-4260-BEF1-7051BAE90C86}.Debug|x86.ActiveCfg = Debug|Any CPU
		{1E8B3037-095B-4260-BEF1-7051BAE90C86}.Debug|x86.Build.0 = Debug|Any CPU
		{1E8B3037-095B-4260-BEF1-7051BAE90C86}.Release|Any CPU.ActiveCfg = Release|Any CPU
		{1E8B3037-095B-4260-BEF1-7051BAE90C86}.Release|Any CPU.Build.0 = Release|Any CPU
		{1E8B3037-095B-4260-BEF1-7051BAE90C86}.Release|x64.ActiveCfg = Release|Any CPU
		{1E8B3037-095B-4260-BEF1-7051BAE90C86}.Release|x64.Build.0 = Release|Any CPU
		{1E8B3037-095B-4260-BEF1-7051BAE90C86}.Release|x86.ActiveCfg = Release|Any CPU
		{1E8B3037-095B-4260-BEF1-7051BAE90C86}.Release|x86.Build.0 = Release|Any CPU
		{09458025-EC86-495B-8FDF-E7D2F18ED8EF}.Debug|Any CPU.ActiveCfg = Debug|x64
		{09458025-EC86-495B-8FDF-E7D2F18ED8EF}.Debug|Any CPU.Build.0 = Debug|x64
		{09458025-EC86-495B-8FDF-E7D2F18ED8EF}.Debug|x64.ActiveCfg = Debug|x64
		{09458025-EC86-495B-8FDF-E7D2F18ED8EF}.Debug|x64.Build.0 = Debug|x64
		{09458025-EC86-495B-8FDF-E7D2F18ED8EF}.Debug|x86.ActiveCfg = Debug|Win32
		{09458025-EC86-495B-8FDF-E7D2F18ED8EF}.Debug|x86.Build.0 = Debug|Win32
		{09458025-EC86-495B-8FDF-E7D2F18ED8EF}.Release|Any CPU.ActiveCfg = Release|x64
		{09458025-EC86-495B-8FDF-E7D2F18ED8EF}.Release|Any CPU.Build.0 = Release|x64
		{09458025-EC86-495B-8FDF-E7D2F18ED8EF}.Release|x64.ActiveCfg = Release|x64
		{09458025-EC86-495B-8FDF-E7D2F18ED8EF}.Release|x64.Build.0 = Release|x64
		{09458025-EC86-495B-8FDF-E7D2F18ED8EF}.Release|x86.ActiveCfg = Release|Win32
		{09458025-EC86-495B-8FDF-E7D2F18ED8EF}.Release|x86.Build.0 = Release|Win32
		{85BDCDF8-A47B-4BED-855B-6370AC5A9FC8}.Debug|Any CPU.ActiveCfg = Debug|x64
		{85BDCDF8-A47B-4BED-855B-6370AC5A9FC8}.Debug|Any CPU.Build.0 = Debug|x64
		{85BDCDF8-A47B-4BED-855B-6370AC5A9FC8}.Debug|x64.ActiveCfg = Debug|x64
		{85BDCDF8-A47B-4BED-855B-6370AC5A9FC8}.Debug|x64.Build.0 = Debug|x64
		{85BDCDF8-A47B-4BED-855B-6370AC5A9FC8}.Debug|x86.ActiveCfg = Debug|Win32
		{85BDCDF8-A47B-4BED-855B-6370AC5A9FC8}.Debug|x86.Build.0 = Debug|Win32
		{85BDCDF8-A47B-4BED-855B-6370AC5A9FC8}.Release|Any CPU.ActiveCfg = Release|x64
		{85BDCDF8-A47B-4BED-855B-6370AC5A9FC8}.Release|Any CPU.Build.0 = Release|x64
		{85BDCDF8-A47B-4BED-855B-6370AC5A9FC8}.Release|x64.ActiveCfg = Release|x64
		{85BDCDF8-A47B-4BED-855B-6370AC5A9FC8}.Release|x64.Build.0 = Release|x64
		{85BDCDF8-A47B-4BED-855B-6370AC5A9FC8}.Release|x86.ActiveCfg = Release|Win32
		{85BDCDF8-A47B-4BED-855B-6370AC5A9FC8}.Release|x86.Build.0 = Release|Win32
	EndGlobalSection
	GlobalSection(SolutionProperties) = preSolution
		HideSolutionNode = FALSE
	EndGlobalSection
	GlobalSection(ExtensibilityGlobals) = postSolution
		SolutionGuid = {2C1E3C63-1BEB-4BB2-A40C-4718BA7A1E79}
	EndGlobalSection
EndGlobal
