<?xml version="1.0" encoding="utf-8"?>
<Project ToolsVersion="4.0" xmlns="http://schemas.microsoft.com/developer/msbuild/2003">
  <ItemGroup>
    <Filter Include="Source Files">
      <UniqueIdentifier>{4FC737F1-C7A5-4376-A066-2A32D752A2FF}</UniqueIdentifier>
      <Extensions>cpp;c;cc;cxx;c++;cppm;ixx;def;odl;idl;hpj;bat;asm;asmx</Extensions>
    </Filter>
    <Filter Include="Header Files">
      <UniqueIdentifier>{93995380-89BD-4b04-88EB-625FBE52EBFB}</UniqueIdentifier>
      <Extensions>h;hh;hpp;hxx;h++;hm;inl;inc;ipp;xsd</Extensions>
    </Filter>
    <Filter Include="Resource Files">
      <UniqueIdentifier>{67DA6AB6-F800-4c08-8B7A-83BB121AAD01}</UniqueIdentifier>
      <Extensions>rc;ico;cur;bmp;dlg;rc2;rct;bin;rgs;gif;jpg;jpeg;jpe;resx;tiff;tif;png;wav;mfcribbon-ms</Extensions>
    </Filter>
  </ItemGroup>
  <ItemGroup>
    <ClCompile Include="Source\CppReflMarkup.h">
      <Filter>Source Files</Filter>
    </ClCompile>
    <ClCompile Include="Source\Private\CppReflGeneratedCodeMacros.h">
      <Filter>Source Files</Filter>
    </ClCompile>
    <ClCompile Include="Source\Reflection\ClassInfo.cpp">
      <Filter>Source Files</Filter>
    </ClCompile>
    <ClCompile Include="Source\Reflection\FieldInfo.cpp">
      <Filter>Source Files</Filter>
    </ClCompile>
    <ClCompile Include="Source\Reflection\ObjectInfo.cpp">
      <Filter>Source Files</Filter>
    </ClCompile>
    <ClCompile Include="Source\Reflection\Registry.cpp">
      <Filter>Source Files</Filter>
    </ClCompile>
    <ClCompile Include="Source\Reflection\Span.h">
      <Filter>Source Files</Filter>
    </ClCompile>
    <ClCompile Include="Source\Reflection\TypeInfo.cpp">
      <Filter>Source Files</Filter>
    </ClCompile>
    <ClCompile Include="Source\Serialization\Serializer.cpp">
      <Filter>Source Files</Filter>
    </ClCompile>
    <ClCompile Include="Source\Reflection\EnumInfo.cpp">
      <Filter>Source Files</Filter>
    </ClCompile>
    <ClCompile Include="Source\Reflection\TypeInstanceInfo.cpp">
      <Filter>Source Files</Filter>
    </ClCompile>
    <ClCompile Include="Source\Serialization\JsonDeserializer.cpp">
      <Filter>Source Files</Filter>
    </ClCompile>
    <ClCompile Include="Source\Reflection\FunctionInfo.cpp">
      <Filter>Source Files</Filter>
    </ClCompile>
    <ClCompile Include="Source\CppReflMemory.cpp">
      <Filter>Source Files</Filter>
    </ClCompile>
  </ItemGroup>
  <ItemGroup>
    <None Include="PublishCppRefl.ps1" />
  </ItemGroup>
  <ItemGroup>
    <ClInclude Include="Registry.h">
      <Filter>Header Files</Filter>
    </ClInclude>
    <ClInclude Include="Source\Reflection\ClassInfo.h">
      <Filter>Header Files</Filter>
    </ClInclude>
    <ClInclude Include="Source\Reflection\FieldInfo.h">
      <Filter>Header Files</Filter>
    </ClInclude>
    <ClInclude Include="Source\Reflection\ObjectInfo.h">
      <Filter>Header Files</Filter>
    </ClInclude>
    <ClInclude Include="Source\Reflection\Registry.h">
      <Filter>Header Files</Filter>
    </ClInclude>
    <ClInclude Include="Source\Reflection\TypeInfo.h">
      <Filter>Header Files</Filter>
    </ClInclude>
    <ClInclude Include="Source\Serialization\Serializer.h">
      <Filter>Header Files</Filter>
    </ClInclude>
    <ClInclude Include="Source\Reflection\EnumInfo.h">
      <Filter>Header Files</Filter>
    </ClInclude>
    <ClInclude Include="Source\CppReflStatics.h">
      <Filter>Header Files</Filter>
    </ClInclude>
    <ClInclude Include="Source\Reflection\TypeInstanceInfo.h">
      <Filter>Header Files</Filter>
    </ClInclude>
    <ClInclude Include="Source\Serialization\JsonDeserializer.h">
      <Filter>Header Files</Filter>
    </ClInclude>
    <ClInclude Include="Source\Reflection\FunctionInfo.h">
      <Filter>Header Files</Filter>
    </ClInclude>
    <ClInclude Include="Source\Reflection\DynamicArray.h">
      <Filter>Header Files</Filter>
    </ClInclude>
    <ClInclude Include="Source\CppReflMemory.h">
      <Filter>Header Files</Filter>
    </ClInclude>
  </ItemGroup>
</Project>