
Microsoft Visual Studio Solution File, Format Version 12.00
# Visual Studio Version 16
VisualStudioVersion = 16.0.30128.74
MinimumVisualStudioVersion = 10.0.40219.1
Project("{8BC9CEB8-8B4A-11D0-8D11-00A0C91BC942}") = "CppRefl", "CppRefl\CppRefl.vcxproj", "{7667E972-C286-423C-82E7-D02848023D90}"
EndProject
Project("{8BC9CEB8-8B4A-11D0-8D11-00A0C91BC942}") = "CppReflTest", "CppReflTest\CppReflTest.vcxproj", "{C7889AB4-03B6-4213-85F1-835B7E776ED5}"
	ProjectSection(ProjectDependencies) = postProject
		{7667E972-C286-423C-82E7-D02848023D90} = {7667E972-C286-423C-82E7-D02848023D90}
	EndProjectSection
EndProject
Project("{8BC9CEB8-8B4A-11D0-8D11-00A0C91BC942}") = "CppReflGen", "CppReflGen\CppReflGen.vcxproj", "{10078925-6184-4564-9702-9A739AB985CF}"
	ProjectSection(ProjectDependencies) = postProject
		{7667E972-C286-423C-82E7-D02848023D90} = {7667E972-C286-423C-82E7-D02848023D90}
	EndProjectSection
EndProject
Global
	GlobalSection(SolutionConfigurationPlatforms) = preSolution
		Debug|x64 = Debug|x64
		Debug|x86 = Debug|x86
		Release|x64 = Release|x64
		Release|x86 = Release|x86
	EndGlobalSection
	GlobalSection(ProjectConfigurationPlatforms) = postSolution
		{7667E972-C286-423C-82E7-D02848023D90}.Debug|x64.ActiveCfg = Debug|x64
		{7667E972-C286-423C-82E7-D02848023D90}.Debug|x64.Build.0 = Debug|x64
		{7667E972-C286-423C-82E7-D02848023D90}.Debug|x86.ActiveCfg = Debug|x64
		{7667E972-C286-423C-82E7-D02848023D90}.Release|x64.ActiveCfg = Release|x64
		{7667E972-C286-423C-82E7-D02848023D90}.Release|x64.Build.0 = Release|x64
		{7667E972-C286-423C-82E7-D02848023D90}.Release|x86.ActiveCfg = Release|x64
		{C7889AB4-03B6-4213-85F1-835B7E776ED5}.Debug|x64.ActiveCfg = Debug|x64
		{C7889AB4-03B6-4213-85F1-835B7E776ED5}.Debug|x64.Build.0 = Debug|x64
		{C7889AB4-03B6-4213-85F1-835B7E776ED5}.Debug|x86.ActiveCfg = Debug|x64
		{C7889AB4-03B6-4213-85F1-835B7E776ED5}.Release|x64.ActiveCfg = Release|x64
		{C7889AB4-03B6-4213-85F1-835B7E776ED5}.Release|x64.Build.0 = Release|x64
		{C7889AB4-03B6-4213-85F1-835B7E776ED5}.Release|x86.ActiveCfg = Release|x64
		{10078925-6184-4564-9702-9A739AB985CF}.Debug|x64.ActiveCfg = Debug|x64
		{10078925-6184-4564-9702-9A739AB985CF}.Debug|x64.Build.0 = Debug|x64
		{10078925-6184-4564-9702-9A739AB985CF}.Debug|x86.ActiveCfg = Debug|x64
		{10078925-6184-4564-9702-9A739AB985CF}.Release|x64.ActiveCfg = Release|x64
		{10078925-6184-4564-9702-9A739AB985CF}.Release|x64.Build.0 = Release|x64
		{10078925-6184-4564-9702-9A739AB985CF}.Release|x86.ActiveCfg = Release|x64
	EndGlobalSection
	GlobalSection(SolutionProperties) = preSolution
		HideSolutionNode = FALSE
	EndGlobalSection
	GlobalSection(ExtensibilityGlobals) = postSolution
		SolutionGuid = {30462203-0529-48FA-B88F-AC3B2A97E46B}
	EndGlobalSection
EndGlobal
